
Microsoft Visual Studio Solution File, Format Version 12.00
# Visual Studio 14
VisualStudioVersion = 14.0.25420.1
MinimumVisualStudioVersion = 10.0.40219.1
Project("{FAE04EC0-301F-11D3-BF4B-00C04F79EFBC}") = "SNOW_Solution.Web", "SNOW_Solution\SNOW_Solution.Web.csproj", "{2EEA37D9-EC07-44B7-AD06-075535E7728A}"
	ProjectSection(ProjectDependencies) = postProject
		{5E892A5D-AB50-47AC-A8C1-F0046DE0E625} = {5E892A5D-AB50-47AC-A8C1-F0046DE0E625}
		{EE674078-BD0A-4697-BFDC-9015EDFB982D} = {EE674078-BD0A-4697-BFDC-9015EDFB982D}
	EndProjectSection
EndProject
Project("{FAE04EC0-301F-11D3-BF4B-00C04F79EFBC}") = "NUnit.Tests", "NUnit.Tests\NUnit.Tests.csproj", "{8EDF4429-251A-416D-BB68-93F227191BCF}"
EndProject
Project("{FAE04EC0-301F-11D3-BF4B-00C04F79EFBC}") = "Snow.Data", "Snow.Data\Snow.Data.csproj", "{EE674078-BD0A-4697-BFDC-9015EDFB982D}"
EndProject
Project("{FAE04EC0-301F-11D3-BF4B-00C04F79EFBC}") = "Snow.Model", "Snow.Model\Snow.Model.csproj", "{5E892A5D-AB50-47AC-A8C1-F0046DE0E625}"
EndProject
Project("{FAE04EC0-301F-11D3-BF4B-00C04F79EFBC}") = "Snow.Service", "Snow.Service\Snow.Service.csproj", "{29F98397-3879-415B-BDD2-BEDE8B3C2DD5}"
EndProject
Global
	GlobalSection(SolutionConfigurationPlatforms) = preSolution
		Debug|Any CPU = Debug|Any CPU
		Release|Any CPU = Release|Any CPU
	EndGlobalSection
	GlobalSection(ProjectConfigurationPlatforms) = postSolution
		{2EEA37D9-EC07-44B7-AD06-075535E7728A}.Debug|Any CPU.ActiveCfg = Debug|Any CPU
		{2EEA37D9-EC07-44B7-AD06-075535E7728A}.Debug|Any CPU.Build.0 = Debug|Any CPU
		{2EEA37D9-EC07-44B7-AD06-075535E7728A}.Release|Any CPU.ActiveCfg = Release|Any CPU
		{2EEA37D9-EC07-44B7-AD06-075535E7728A}.Release|Any CPU.Build.0 = Release|Any CPU
		{8EDF4429-251A-416D-BB68-93F227191BCF}.Debug|Any CPU.ActiveCfg = Debug|Any CPU
		{8EDF4429-251A-416D-BB68-93F227191BCF}.Debug|Any CPU.Build.0 = Debug|Any CPU
		{8EDF4429-251A-416D-BB68-93F227191BCF}.Release|Any CPU.ActiveCfg = Release|Any CPU
		{8EDF4429-251A-416D-BB68-93F227191BCF}.Release|Any CPU.Build.0 = Release|Any CPU
		{EE674078-BD0A-4697-BFDC-9015EDFB982D}.Debug|Any CPU.ActiveCfg = Debug|Any CPU
		{EE674078-BD0A-4697-BFDC-9015EDFB982D}.Debug|Any CPU.Build.0 = Debug|Any CPU
		{EE674078-BD0A-4697-BFDC-9015EDFB982D}.Release|Any CPU.ActiveCfg = Release|Any CPU
		{EE674078-BD0A-4697-BFDC-9015EDFB982D}.Release|Any CPU.Build.0 = Release|Any CPU
		{5E892A5D-AB50-47AC-A8C1-F0046DE0E625}.Debug|Any CPU.ActiveCfg = Debug|Any CPU
		{5E892A5D-AB50-47AC-A8C1-F0046DE0E625}.Debug|Any CPU.Build.0 = Debug|Any CPU
		{5E892A5D-AB50-47AC-A8C1-F0046DE0E625}.Release|Any CPU.ActiveCfg = Release|Any CPU
		{5E892A5D-AB50-47AC-A8C1-F0046DE0E625}.Release|Any CPU.Build.0 = Release|Any CPU
		{29F98397-3879-415B-BDD2-BEDE8B3C2DD5}.Debug|Any CPU.ActiveCfg = Debug|Any CPU
		{29F98397-3879-415B-BDD2-BEDE8B3C2DD5}.Debug|Any CPU.Build.0 = Debug|Any CPU
		{29F98397-3879-415B-BDD2-BEDE8B3C2DD5}.Release|Any CPU.ActiveCfg = Release|Any CPU
		{29F98397-3879-415B-BDD2-BEDE8B3C2DD5}.Release|Any CPU.Build.0 = Release|Any CPU
	EndGlobalSection
	GlobalSection(SolutionProperties) = preSolution
		HideSolutionNode = FALSE
	EndGlobalSection
EndGlobal
